
Microsoft Visual Studio Solution File, Format Version 12.00
# Visual Studio Version 17
VisualStudioVersion = 17.13.35919.96 d17.13
MinimumVisualStudioVersion = 10.0.40219.1
Project("{FAE04EC0-301F-11D3-BF4B-00C04F79EFBC}") = "AudioSwitch", "AudioSwitch\AudioSwitch.csproj", "{1AF17801-EB25-449F-9CEF-B454D571CE70}"
EndProject
Global
	GlobalSection(SolutionConfigurationPlatforms) = preSolution
		Debug|Any CPU = Debug|Any CPU
		Release|Any CPU = Release|Any CPU
	EndGlobalSection
	GlobalSection(ProjectConfigurationPlatforms) = postSolution
		{1AF17801-EB25-449F-9CEF-B454D571CE70}.Debug|Any CPU.ActiveCfg = Debug|Any CPU
		{1AF17801-EB25-449F-9CEF-B454D571CE70}.Debug|Any CPU.Build.0 = Debug|Any CPU
		{1AF17801-EB25-449F-9CEF-B454D571CE70}.Release|Any CPU.ActiveCfg = Release|Any CPU
		{1AF17801-EB25-449F-9CEF-B454D571CE70}.Release|Any CPU.Build.0 = Release|Any CPU
	EndGlobalSection
	GlobalSection(SolutionProperties) = preSolution
		HideSolutionNode = FALSE
	EndGlobalSection
	GlobalSection(ExtensibilityGlobals) = postSolution
		SolutionGuid = {37053D5A-D7BF-46CD-82D9-D25C17AE4AB0}
	EndGlobalSection
EndGlobal
